# THIS IS AN AUTOGENERATED FILE. DO NOT EDIT THIS FILE DIRECTLY.
# yarn lockfile v1


"@sveltejs/vite-plugin-svelte@^1.1.1":
  version "1.2.0"
  resolved "https://registry.yarnpkg.com/@sveltejs/vite-plugin-svelte/-/vite-plugin-svelte-1.2.0.tgz#35755db7ab4e2fa9b47f0c5ca8fd439d62f34546"
  integrity sha512-DT2oUkWAloH1tO7X5cQ4uDxQofaIS76skyFMElKtoqT6HJao+D82LI5i+0jPaSSmO7ex3Pa6jGYMlWy9ZJ1cdQ==
  dependencies:
    debug "^4.3.4"
    deepmerge "^4.2.2"
    kleur "^4.1.5"
    magic-string "^0.26.7"
    svelte-hmr "^0.15.1"
    vitefu "^0.2.1"

"@threlte/core@^5.0.1":
  version "5.0.1"
  resolved "https://registry.yarnpkg.com/@threlte/core/-/core-5.0.1.tgz#d4ad3242a85383605f0513d911dd931e36ce4ec1"
  integrity sha512-o6/K+QCA+SHEZVB6M6V98B5sJRgnw0gxU255UPPAARRSq4stYVXOAnX1qxSa/2L2bPGvoP9EHLAbeNc9NIcv9A==

"@threlte/extras@^4.7.0":
  version "4.7.0"
  resolved "https://registry.yarnpkg.com/@threlte/extras/-/extras-4.7.0.tgz#4833b9f504076eac6aa8c3e8ee5c141ef72ff745"
  integrity sha512-TKSE6g7wTTjiHreWWcWZkKUbZ0tcDfq6nfceJDPcqvRIWpRPWc4ArSYvzHDh7Of7sTr8z3PiU3uZFBWJLkzmUA==
  dependencies:
    troika-three-text "^0.46.4"

bidi-js@^1.0.2:
  version "1.0.2"
  resolved "https://registry.yarnpkg.com/bidi-js/-/bidi-js-1.0.2.tgz#1a497a762c2ddea377429d2649c9ce0f8a91527f"
  integrity sha512-rzSy/k7WdX5zOyeHHCOixGXbCHkyogkxPKL2r8QtzHmVQDiWCXUWa18bLdMWT9CYMLOYTjWpTHawuev2ouYJVw==
  dependencies:
    require-from-string "^2.0.2"

debug@^4.3.4:
  version "4.3.4"
  resolved "https://registry.yarnpkg.com/debug/-/debug-4.3.4.tgz#1319f6579357f2338d3337d2cdd4914bb5dcc865"
  integrity sha512-PRWFHuSU3eDtQJPvnNY7Jcket1j0t5OuOsFzPPzsekD52Zl8qUfFIPEiswXqIvHWGVHOgX+7G/vCNNhehwxfkQ==
  dependencies:
    ms "2.1.2"

deepmerge@^4.2.2:
  version "4.2.2"
  resolved "https://registry.yarnpkg.com/deepmerge/-/deepmerge-4.2.2.tgz#44d2ea3679b8f4d4ffba33f03d865fc1e7bf4955"
  integrity sha512-FJ3UgI4gIl+PHZm53knsuSFpE+nESMr7M4v9QcgB7S63Kj/6WqMiFQJpBBYz1Pt+66bZpP3Q7Lye0Oo9MPKEdg==

esbuild@^0.15.9:
  version "0.15.14"
  resolved "https://registry.yarnpkg.com/esbuild/-/esbuild-0.15.14.tgz#09202b811f1710363d5088a3401a351351c79875"
  integrity sha512-pJN8j42fvWLFWwSMG4luuupl2Me7mxciUOsMegKvwCmhEbJ2covUdFnihxm0FMIBV+cbwbtMoHgMCCI+pj1btQ==

fsevents@~2.3.2:
  version "2.3.2"
  resolved "https://registry.yarnpkg.com/fsevents/-/fsevents-2.3.2.tgz#8a526f78b8fdf4623b709e0b975c52c24c02fd1a"
  integrity sha512-xiqMQR4xAeHTuB9uWm+fFRcIOgKBMiOBP+eXiyT7jsgVCq1bkVygt00oASowB7EdtpOHaaPgKt812P9ab+DDKA==

function-bind@^1.1.1:
  version "1.1.1"
  resolved "https://registry.yarnpkg.com/function-bind/-/function-bind-1.1.1.tgz#a56899d3ea3c9bab874bb9773b7c5ede92f4895d"
  integrity sha512-yIovAzMX49sF8Yl58fSCWJ5svSLuaibPxXQJFLmBObTuCr0Mf1KiPopGM9NiFjiYBCbfaa2Fh6breQ6ANVTI0A==

has@^1.0.3:
  version "1.0.3"
  resolved "https://registry.yarnpkg.com/has/-/has-1.0.3.tgz#722d7cbfc1f6aa8241f16dd814e011e1f41e8796"
  integrity sha512-f2dvO0VU6Oej7RkWJGrehjbzMAjFp5/VKPp5tTpWIV4JHHZK1/BxbFRtf/siA2SWTe09caDmVtYYzWEIbBS4zw==
  dependencies:
    function-bind "^1.1.1"

is-core-module@^2.9.0:
  version "2.11.0"
  resolved "https://registry.yarnpkg.com/is-core-module/-/is-core-module-2.11.0.tgz#ad4cb3e3863e814523c96f3f58d26cc570ff0144"
  integrity sha512-RRjxlvLDkD1YJwDbroBHMb+cukurkDWNyHx7D3oNB5x9rb5ogcksMC5wHCadcXoo67gVr/+3GFySh3134zi6rw==
  dependencies:
    has "^1.0.3"

kleur@^4.1.5:
  version "4.1.5"
  resolved "https://registry.yarnpkg.com/kleur/-/kleur-4.1.5.tgz#95106101795f7050c6c650f350c683febddb1780"
  integrity sha512-o+NO+8WrRiQEE4/7nwRJhN1HWpVmJm511pBHUxPLtp0BUISzlBplORYSmTclCnJvQq2tKu/sgl3xVpkc7ZWuQQ==

magic-string@^0.26.7:
  version "0.26.7"
  resolved "https://registry.yarnpkg.com/magic-string/-/magic-string-0.26.7.tgz#caf7daf61b34e9982f8228c4527474dac8981d6f"
  integrity sha512-hX9XH3ziStPoPhJxLq1syWuZMxbDvGNbVchfrdCtanC7D13888bMFow61x8axrx+GfHLtVeAx2kxL7tTGRl+Ow==
  dependencies:
    sourcemap-codec "^1.4.8"

ms@2.1.2:
  version "2.1.2"
  resolved "https://registry.yarnpkg.com/ms/-/ms-2.1.2.tgz#d09d1f357b443f493382a8eb3ccd183872ae6009"
  integrity sha512-sGkPx+VjMtmA6MX27oA4FBFELFCZZ4S4XqeGOXCv68tT+jb3vk/RyaKWP0PTKyWtmLSM0b+adUTEvbs1PEaH2w==

nanoid@^3.3.4:
  version "3.3.4"
  resolved "https://registry.yarnpkg.com/nanoid/-/nanoid-3.3.4.tgz#730b67e3cd09e2deacf03c027c81c9d9dbc5e8ab"
  integrity sha512-MqBkQh/OHTS2egovRtLk45wEyNXwF+cokD+1YPf9u5VfJiRdAiRwB2froX5Co9Rh20xs4siNPm8naNotSD6RBw==

path-parse@^1.0.7:
  version "1.0.7"
  resolved "https://registry.yarnpkg.com/path-parse/-/path-parse-1.0.7.tgz#fbc114b60ca42b30d9daf5858e4bd68bbedb6735"
  integrity sha512-LDJzPVEEEPR+y48z93A0Ed0yXb8pAByGWo/k5YYdYgpY2/2EsOsksJrq7lOHxryrVOn1ejG6oAp8ahvOIQD8sw==

picocolors@^1.0.0:
  version "1.0.0"
  resolved "https://registry.yarnpkg.com/picocolors/-/picocolors-1.0.0.tgz#cb5bdc74ff3f51892236eaf79d68bc44564ab81c"
  integrity sha512-1fygroTLlHu66zi26VoTDv8yRgm0Fccecssto+MhsZ0D/DGW2sm8E8AjW7NU5VVTRt5GxbeZ5qBuJr+HyLYkjQ==

postcss@^8.4.18:
  version "8.4.19"
  resolved "https://registry.yarnpkg.com/postcss/-/postcss-8.4.19.tgz#61178e2add236b17351897c8bcc0b4c8ecab56fc"
  integrity sha512-h+pbPsyhlYj6N2ozBmHhHrs9DzGmbaarbLvWipMRO7RLS+v4onj26MPFXA5OBYFxyqYhUJK456SwDcY9H2/zsA==
  dependencies:
    nanoid "^3.3.4"
    picocolors "^1.0.0"
    source-map-js "^1.0.2"

require-from-string@^2.0.2:
  version "2.0.2"
  resolved "https://registry.yarnpkg.com/require-from-string/-/require-from-string-2.0.2.tgz#89a7fdd938261267318eafe14f9c32e598c36909"
  integrity sha512-Xf0nWe6RseziFMu+Ap9biiUbmplq6S9/p+7w7YXP/JBHhrUDDUhwa+vANyubuqfZWTveU//DYVGsDG7RKL/vEw==

resolve@^1.22.1:
  version "1.22.1"
  resolved "https://registry.yarnpkg.com/resolve/-/resolve-1.22.1.tgz#27cb2ebb53f91abb49470a928bba7558066ac177"
  integrity sha512-nBpuuYuY5jFsli/JIs1oldw6fOQCBioohqWZg/2hiaOybXOft4lonv85uDOKXdf8rhyK159cxU5cDcK/NKk8zw==
  dependencies:
    is-core-module "^2.9.0"
    path-parse "^1.0.7"
    supports-preserve-symlinks-flag "^1.0.0"

rollup@^2.79.1:
  version "2.79.1"
  resolved "https://registry.yarnpkg.com/rollup/-/rollup-2.79.1.tgz#bedee8faef7c9f93a2647ac0108748f497f081c7"
  integrity sha512-uKxbd0IhMZOhjAiD5oAFp7BqvkA4Dv47qpOCtaNvng4HBwdbWtdOh8f5nZNuk2rp51PMGk3bzfWu5oayNEuYnw==
  optionalDependencies:
    fsevents "~2.3.2"

source-map-js@^1.0.2:
  version "1.0.2"
  resolved "https://registry.yarnpkg.com/source-map-js/-/source-map-js-1.0.2.tgz#adbc361d9c62df380125e7f161f71c826f1e490c"
  integrity sha512-R0XvVJ9WusLiqTCEiGCmICCMplcCkIwwR11mOSD9CR5u+IXYdiseeEuXCVAjS54zqwkLcPNnmU4OeJ6tUrWhDw==

sourcemap-codec@^1.4.8:
  version "1.4.8"
  resolved "https://registry.yarnpkg.com/sourcemap-codec/-/sourcemap-codec-1.4.8.tgz#ea804bd94857402e6992d05a38ef1ae35a9ab4c4"
  integrity sha512-9NykojV5Uih4lgo5So5dtw+f0JgJX30KCNI8gwhz2J9A15wD0Ml6tjHKwf6fTSa6fAdVBdZeNOs9eJ71qCk8vA==

supports-preserve-symlinks-flag@^1.0.0:
  version "1.0.0"
  resolved "https://registry.yarnpkg.com/supports-preserve-symlinks-flag/-/supports-preserve-symlinks-flag-1.0.0.tgz#6eda4bd344a3c94aea376d4cc31bc77311039e09"
  integrity sha512-ot0WnXS9fgdkgIcePe6RHNk1WA8+muPa6cSjeR3V8K27q9BB1rTE3R1p7Hv0z1ZyAc8s6Vvv8DIyWf681MAt0w==

svelte-hmr@^0.15.1:
  version "0.15.1"
  resolved "https://registry.yarnpkg.com/svelte-hmr/-/svelte-hmr-0.15.1.tgz#d11d878a0bbb12ec1cba030f580cd2049f4ec86b"
  integrity sha512-BiKB4RZ8YSwRKCNVdNxK/GfY+r4Kjgp9jCLEy0DuqAKfmQtpL38cQK3afdpjw4sqSs4PLi3jIPJIFp259NkZtA==

svelte@^3.53.1:
  version "3.53.1"
  resolved "https://registry.yarnpkg.com/svelte/-/svelte-3.53.1.tgz#db9d7df7a8f570e8e22547444c149208b1914442"
  integrity sha512-Q4/hHkktZogGhN5iqxqSi9sjEVoe/NbIxX4hXEHoasTxj+TxEQVAq66LnDMdAZxjmsodkoI5F3slqsS68U7FNw==

three@^0.146.0:
  version "0.146.0"
  resolved "https://registry.yarnpkg.com/three/-/three-0.146.0.tgz#fd80f0d128ab4bb821a02191ae241e4e6326f17a"
  integrity sha512-1lvNfLezN6OJ9NaFAhfX4sm5e9YCzHtaRgZ1+B4C+Hv6TibRMsuBAM5/wVKzxjpYIlMymvgsHEFrrigEfXnb2A==

troika-three-text@^0.46.4:
  version "0.46.4"
  resolved "https://registry.yarnpkg.com/troika-three-text/-/troika-three-text-0.46.4.tgz#77627ac2ac4765d5248c857a8b42f82c25f2d034"
  integrity sha512-Qsv0HhUKTZgSmAJs5wvO7YlBoJSP9TGPLmrg+K9pbQq4lseQdcevbno/WI38bwJBZ/qS56hvfqEzY0zUEFzDIw==
  dependencies:
    bidi-js "^1.0.2"
    troika-three-utils "^0.46.0"
    troika-worker-utils "^0.46.0"
    webgl-sdf-generator "1.1.1"

troika-three-utils@^0.46.0:
  version "0.46.0"
  resolved "https://registry.yarnpkg.com/troika-three-utils/-/troika-three-utils-0.46.0.tgz#6d97a9bf08f2260285edf2bb0be6328dd3d50eec"
  integrity sha512-llHyrXAcwzr0bpg80GxsIp73N7FuImm4WCrKDJkAqcAsWmE5pfP9+Qzw+oMWK1P/AdHQ79eOrOl9NjyW4aOw0w==

troika-worker-utils@^0.46.0:
  version "0.46.0"
  resolved "https://registry.yarnpkg.com/troika-worker-utils/-/troika-worker-utils-0.46.0.tgz#1b698090af78b51a27e03881c90237a2e648d6c4"
  integrity sha512-bzOx5f2ZBxkFhXtIvDJlLn2AI3bzCkGVbCndl/2dL5QZrwHEKl45OEIilCxYQQWJG1rEbOD9O80tMjoYjw19OA==

vite@^3.2.3:
  version "3.2.4"
  resolved "https://registry.yarnpkg.com/vite/-/vite-3.2.4.tgz#d8c7892dd4268064e04fffbe7d866207dd24166e"
  integrity sha512-Z2X6SRAffOUYTa+sLy3NQ7nlHFU100xwanq1WDwqaiFiCe+25zdxP1TfCS5ojPV2oDDcXudHIoPnI1Z/66B7Yw==
  dependencies:
    esbuild "^0.15.9"
    postcss "^8.4.18"
    resolve "^1.22.1"
    rollup "^2.79.1"
  optionalDependencies:
    fsevents "~2.3.2"

vitefu@^0.2.1:
  version "0.2.1"
  resolved "https://registry.yarnpkg.com/vitefu/-/vitefu-0.2.1.tgz#9dcd78737c77b366206706dac2403a751903907d"
  integrity sha512-clkvXTAeUf+XQKm3bhWUhT4pye+3acm6YCTGaWhxxIvZZ/QjnA3JA8Zud+z/mO5y5XYvJJhevs5Sjkv/FI8nRw==

webgl-sdf-generator@1.1.1:
  version "1.1.1"
  resolved "https://registry.yarnpkg.com/webgl-sdf-generator/-/webgl-sdf-generator-1.1.1.tgz#3e1b422b3d87cd3cc77f2602c9db63bc0f6accbd"
  integrity sha512-9Z0JcMTFxeE+b2x1LJTdnaT8rT8aEp7MVxkNwoycNmJWwPdzoXzMh0BjJSh/AEFP+KPYZUli814h8bJZFIZ2jA==
